
Microsoft Visual Studio Solution File, Format Version 12.00
# Visual Studio Version 17
VisualStudioVersion = 17.8.34330.188
MinimumVisualStudioVersion = 10.0.40219.1
Project("{FAE04EC0-301F-11D3-BF4B-00C04F79EFBC}") = "c-ch dop work", "c-ch dop work\c-ch dop work.csproj", "{5B0F5AD5-AA97-4605-88E5-B2C9EE8840C8}"
EndProject
Global
	GlobalSection(SolutionConfigurationPlatforms) = preSolution
		Debug|Any CPU = Debug|Any CPU
		Release|Any CPU = Release|Any CPU
	EndGlobalSection
	GlobalSection(ProjectConfigurationPlatforms) = postSolution
		{5B0F5AD5-AA97-4605-88E5-B2C9EE8840C8}.Debug|Any CPU.ActiveCfg = Debug|Any CPU
		{5B0F5AD5-AA97-4605-88E5-B2C9EE8840C8}.Debug|Any CPU.Build.0 = Debug|Any CPU
		{5B0F5AD5-AA97-4605-88E5-B2C9EE8840C8}.Release|Any CPU.ActiveCfg = Release|Any CPU
		{5B0F5AD5-AA97-4605-88E5-B2C9EE8840C8}.Release|Any CPU.Build.0 = Release|Any CPU
	EndGlobalSection
	GlobalSection(SolutionProperties) = preSolution
		HideSolutionNode = FALSE
	EndGlobalSection
	GlobalSection(ExtensibilityGlobals) = postSolution
		SolutionGuid = {D4E484AE-B87D-48F9-B678-296D2A5C1618}
	EndGlobalSection
EndGlobal
